# THIS IS AN AUTOGENERATED FILE. DO NOT EDIT THIS FILE DIRECTLY.
# yarn lockfile v1


"bats-assert@https://github.com/ztombol/bats-assert":
  version "0.3.0"
  resolved "https://github.com/ztombol/bats-assert#9f88b4207da750093baabc4e3f41bf68f0dd3630"

"bats-file@https://github.com/ztombol/bats-file":
  version "0.2.0"
  resolved "https://github.com/ztombol/bats-file#2fddb2b831d65cdf2e411f3b47f4677fbb15729c"

"bats-support@https://github.com/ztombol/bats-support":
  version "0.3.0"
  resolved "https://github.com/ztombol/bats-support#004e707638eedd62e0481e8cdc9223ad471f12ee"
